
Microsoft Visual Studio Solution File, Format Version 12.00
# Visual Studio Version 17
VisualStudioVersion = 17.7.34018.315
MinimumVisualStudioVersion = 10.0.40219.1
Project("{FAE04EC0-301F-11D3-BF4B-00C04F79EFBC}") = "shop game", "shop game.csproj", "{6E99FEBA-2EFF-4961-A338-47708013173B}"
EndProject
Global
	GlobalSection(SolutionConfigurationPlatforms) = preSolution
		Debug|Any CPU = Debug|Any CPU
		Release|Any CPU = Release|Any CPU
	EndGlobalSection
	GlobalSection(ProjectConfigurationPlatforms) = postSolution
		{6E99FEBA-2EFF-4961-A338-47708013173B}.Debug|Any CPU.ActiveCfg = Debug|Any CPU
		{6E99FEBA-2EFF-4961-A338-47708013173B}.Debug|Any CPU.Build.0 = Debug|Any CPU
		{6E99FEBA-2EFF-4961-A338-47708013173B}.Release|Any CPU.ActiveCfg = Release|Any CPU
		{6E99FEBA-2EFF-4961-A338-47708013173B}.Release|Any CPU.Build.0 = Release|Any CPU
	EndGlobalSection
	GlobalSection(SolutionProperties) = preSolution
		HideSolutionNode = FALSE
	EndGlobalSection
	GlobalSection(ExtensibilityGlobals) = postSolution
		SolutionGuid = {F0DC37DD-49A6-4C66-85A4-60EF13984E0F}
	EndGlobalSection
EndGlobal
